<?xml version="1.0" encoding="UTF-8" standalone="yes" ?>
<CodeBlocks_project_file>
	<FileVersion major="1" minor="6" />
	<Project>
		<Option title="NHF" />
		<Option pch_mode="2" />
		<Option compiler="gcc" />
		<Build>
			<Target title="Debug">
				<Option output="bin/Debug/NHF" prefix_auto="1" extension_auto="1" />
				<Option object_output="obj/Debug/" />
				<Option type="1" />
				<Option compiler="gcc" />
				<Compiler>
					<Add option="-g" />
				</Compiler>
			</Target>
			<Target title="Release">
				<Option output="bin/Release/NHF" prefix_auto="1" extension_auto="1" />
				<Option object_output="obj/Release/" />
				<Option type="1" />
				<Option compiler="gcc" />
				<Compiler>
					<Add option="-O2" />
				</Compiler>
				<Linker>
					<Add option="-s" />
				</Linker>
			</Target>
		</Build>
		<Compiler>
			<Add option="-Wall" />
		</Compiler>
		<Unit filename="debugmalloc.h" />
		<Unit filename="init.c">
			<Option compilerVar="CC" />
		</Unit>
		<Unit filename="init.h" />
		<Unit filename="kinezet.c">
			<Option compilerVar="CC" />
		</Unit>
		<Unit filename="kinezet.h" />
		<Unit filename="lemez_fgk.c">
			<Option compilerVar="CC" />
		</Unit>
		<Unit filename="lemez_fgk.h" />
		<Unit filename="listazas.c">
			<Option compilerVar="CC" />
		</Unit>
		<Unit filename="listazas.h" />
		<Unit filename="main.c">
			<Option compilerVar="CC" />
		</Unit>
		<Unit filename="menu.c">
			<Option compilerVar="CC" />
		</Unit>
		<Unit filename="menu.h" />
		<Unit filename="rendezes.c">
			<Option compilerVar="CC" />
		</Unit>
		<Unit filename="rendezes.h" />
		<Unit filename="strukturak.h" />
		<Unit filename="zene_fgk.c">
			<Option compilerVar="CC" />
		</Unit>
		<Unit filename="zene_fgk.h" />
		<Extensions>
			<lib_finder disable_auto="1" />
		</Extensions>
	</Project>
</CodeBlocks_project_file>
